{
  "name": "sobalink-agent-browser-qa",
  "version": "0.0.0",
  "lockfileVersion": 3,
  "requires": true,
  "packages": {
    "": {
      "name": "sobalink-agent-browser-qa",
      "version": "0.0.0",
      "devDependencies": {
        "agent-browser": "0.38.2"
      },
      "engines": {
        "node": ">=24.0.0"
      }
    },
    "node_modules/agent-browser": {
      "version": "0.38.2",
      "resolved": "https://registry.npmjs.org/agent-browser/-/agent-browser-0.38.2.tgz",
      "integrity": "sha512-b/7hvo2RrqocvybjB9kwpX12kGkxkFvtdJ4XPDoott5TLK2n3aPX+lYg7ALd+2YvPi2LrTKGzQYu/rxZC2Y7ZA==",
      "dev": true,
      "hasInstallScript": true,
      "license": "Apache-2.0",
      "bin": {
        "agent-browser": "bin/agent-browser.js"
      },
      "engines": {
        "node": ">=24.0.0",
        "pnpm": ">=11.0.0"
      }
    }
  }
}
